
Microsoft Visual Studio Solution File, Format Version 12.00
# Visual Studio Version 17
VisualStudioVersion = 17.4.33213.308
MinimumVisualStudioVersion = 10.0.40219.1
Project("{2150E333-8FDC-42A3-9474-1A3956D46DE8}") = "创建型", "创建型", "{B34D8E32-C411-4280-B269-67942BE4E9BF}"
EndProject
Project("{2150E333-8FDC-42A3-9474-1A3956D46DE8}") = "结构型", "结构型", "{21FD4702-6CDA-4450-98CE-8CE24429828F}"
EndProject
Project("{2150E333-8FDC-42A3-9474-1A3956D46DE8}") = "行为型", "行为型", "{A668562C-B7D1-4F65-B6F8-8B44D91C5813}"
EndProject
Project("{9A19103F-16F7-4668-BE54-9A1E7A4F7556}") = "单例", "单例\单例.csproj", "{6C292FC5-2B3C-4A9D-A97E-3E537D53D6B2}"
EndProject
Project("{2150E333-8FDC-42A3-9474-1A3956D46DE8}") = "设计原则", "设计原则", "{28FAF640-A8B6-403D-BC67-2378434A32CF}"
EndProject
Project("{9A19103F-16F7-4668-BE54-9A1E7A4F7556}") = "单一职责原则", "单一职责原则\单一职责原则.csproj", "{32428541-1D17-4B58-9CFD-FD5545D83698}"
EndProject
Project("{9A19103F-16F7-4668-BE54-9A1E7A4F7556}") = "开闭原则", "开闭原则\开闭原则.csproj", "{9C97DF8E-89C3-477F-BE8E-795808856CDA}"
EndProject
Project("{9A19103F-16F7-4668-BE54-9A1E7A4F7556}") = "开闭原则_1", "开闭原则_1\开闭原则_1.csproj", "{A2D5D5C3-6EDD-4087-B32C-C9B329E1EA93}"
EndProject
Project("{9A19103F-16F7-4668-BE54-9A1E7A4F7556}") = "开闭原则_2", "开闭原则_2\开闭原则_2.csproj", "{398DB61F-35D4-4CCE-8314-5EBCFC86CD73}"
EndProject
Project("{FAE04EC0-301F-11D3-BF4B-00C04F79EFBC}") = "依赖倒转原则", "依赖倒转原则\依赖倒转原则.csproj", "{D2C15492-9726-4E35-8E6A-BFC96ACD3952}"
EndProject
Project("{FAE04EC0-301F-11D3-BF4B-00C04F79EFBC}") = "依赖注入三种方式", "依赖注入三种方式\依赖注入三种方式.csproj", "{5E80B082-54C1-47D6-B197-786F7F911F4A}"
EndProject
Project("{FAE04EC0-301F-11D3-BF4B-00C04F79EFBC}") = "接口隔离原则", "接口隔离原则\接口隔离原则.csproj", "{11D0C679-41DB-4635-9D26-2A6AF1D7F8A5}"
EndProject
Project("{FAE04EC0-301F-11D3-BF4B-00C04F79EFBC}") = "迪米特原则", "迪米特法则\迪米特原则.csproj", "{8AC9D089-1853-4B51-B6D1-536F51735031}"
EndProject
Project("{FAE04EC0-301F-11D3-BF4B-00C04F79EFBC}") = "迪米特原则_2", "迪米特原则_2\迪米特原则_2.csproj", "{D35B1879-F471-4322-8594-3112EE04EDD4}"
EndProject
Project("{FAE04EC0-301F-11D3-BF4B-00C04F79EFBC}") = "合成复用原则", "合成复用原则\合成复用原则.csproj", "{D0B6D1D6-15BF-4077-A0B2-11EE05E119F8}"
EndProject
Global
	GlobalSection(SolutionConfigurationPlatforms) = preSolution
		Debug|Any CPU = Debug|Any CPU
		Release|Any CPU = Release|Any CPU
	EndGlobalSection
	GlobalSection(ProjectConfigurationPlatforms) = postSolution
		{6C292FC5-2B3C-4A9D-A97E-3E537D53D6B2}.Debug|Any CPU.ActiveCfg = Debug|Any CPU
		{6C292FC5-2B3C-4A9D-A97E-3E537D53D6B2}.Debug|Any CPU.Build.0 = Debug|Any CPU
		{6C292FC5-2B3C-4A9D-A97E-3E537D53D6B2}.Release|Any CPU.ActiveCfg = Release|Any CPU
		{6C292FC5-2B3C-4A9D-A97E-3E537D53D6B2}.Release|Any CPU.Build.0 = Release|Any CPU
		{32428541-1D17-4B58-9CFD-FD5545D83698}.Debug|Any CPU.ActiveCfg = Debug|Any CPU
		{32428541-1D17-4B58-9CFD-FD5545D83698}.Debug|Any CPU.Build.0 = Debug|Any CPU
		{32428541-1D17-4B58-9CFD-FD5545D83698}.Release|Any CPU.ActiveCfg = Release|Any CPU
		{32428541-1D17-4B58-9CFD-FD5545D83698}.Release|Any CPU.Build.0 = Release|Any CPU
		{9C97DF8E-89C3-477F-BE8E-795808856CDA}.Debug|Any CPU.ActiveCfg = Debug|Any CPU
		{9C97DF8E-89C3-477F-BE8E-795808856CDA}.Debug|Any CPU.Build.0 = Debug|Any CPU
		{9C97DF8E-89C3-477F-BE8E-795808856CDA}.Release|Any CPU.ActiveCfg = Release|Any CPU
		{9C97DF8E-89C3-477F-BE8E-795808856CDA}.Release|Any CPU.Build.0 = Release|Any CPU
		{A2D5D5C3-6EDD-4087-B32C-C9B329E1EA93}.Debug|Any CPU.ActiveCfg = Debug|Any CPU
		{A2D5D5C3-6EDD-4087-B32C-C9B329E1EA93}.Debug|Any CPU.Build.0 = Debug|Any CPU
		{A2D5D5C3-6EDD-4087-B32C-C9B329E1EA93}.Release|Any CPU.ActiveCfg = Release|Any CPU
		{A2D5D5C3-6EDD-4087-B32C-C9B329E1EA93}.Release|Any CPU.Build.0 = Release|Any CPU
		{398DB61F-35D4-4CCE-8314-5EBCFC86CD73}.Debug|Any CPU.ActiveCfg = Debug|Any CPU
		{398DB61F-35D4-4CCE-8314-5EBCFC86CD73}.Debug|Any CPU.Build.0 = Debug|Any CPU
		{398DB61F-35D4-4CCE-8314-5EBCFC86CD73}.Release|Any CPU.ActiveCfg = Release|Any CPU
		{398DB61F-35D4-4CCE-8314-5EBCFC86CD73}.Release|Any CPU.Build.0 = Release|Any CPU
		{D2C15492-9726-4E35-8E6A-BFC96ACD3952}.Debug|Any CPU.ActiveCfg = Debug|Any CPU
		{D2C15492-9726-4E35-8E6A-BFC96ACD3952}.Debug|Any CPU.Build.0 = Debug|Any CPU
		{D2C15492-9726-4E35-8E6A-BFC96ACD3952}.Release|Any CPU.ActiveCfg = Release|Any CPU
		{D2C15492-9726-4E35-8E6A-BFC96ACD3952}.Release|Any CPU.Build.0 = Release|Any CPU
		{5E80B082-54C1-47D6-B197-786F7F911F4A}.Debug|Any CPU.ActiveCfg = Debug|Any CPU
		{5E80B082-54C1-47D6-B197-786F7F911F4A}.Debug|Any CPU.Build.0 = Debug|Any CPU
		{5E80B082-54C1-47D6-B197-786F7F911F4A}.Release|Any CPU.ActiveCfg = Release|Any CPU
		{5E80B082-54C1-47D6-B197-786F7F911F4A}.Release|Any CPU.Build.0 = Release|Any CPU
		{11D0C679-41DB-4635-9D26-2A6AF1D7F8A5}.Debug|Any CPU.ActiveCfg = Debug|Any CPU
		{11D0C679-41DB-4635-9D26-2A6AF1D7F8A5}.Debug|Any CPU.Build.0 = Debug|Any CPU
		{11D0C679-41DB-4635-9D26-2A6AF1D7F8A5}.Release|Any CPU.ActiveCfg = Release|Any CPU
		{11D0C679-41DB-4635-9D26-2A6AF1D7F8A5}.Release|Any CPU.Build.0 = Release|Any CPU
		{8AC9D089-1853-4B51-B6D1-536F51735031}.Debug|Any CPU.ActiveCfg = Debug|Any CPU
		{8AC9D089-1853-4B51-B6D1-536F51735031}.Debug|Any CPU.Build.0 = Debug|Any CPU
		{8AC9D089-1853-4B51-B6D1-536F51735031}.Release|Any CPU.ActiveCfg = Release|Any CPU
		{8AC9D089-1853-4B51-B6D1-536F51735031}.Release|Any CPU.Build.0 = Release|Any CPU
		{D35B1879-F471-4322-8594-3112EE04EDD4}.Debug|Any CPU.ActiveCfg = Debug|Any CPU
		{D35B1879-F471-4322-8594-3112EE04EDD4}.Debug|Any CPU.Build.0 = Debug|Any CPU
		{D35B1879-F471-4322-8594-3112EE04EDD4}.Release|Any CPU.ActiveCfg = Release|Any CPU
		{D35B1879-F471-4322-8594-3112EE04EDD4}.Release|Any CPU.Build.0 = Release|Any CPU
		{D0B6D1D6-15BF-4077-A0B2-11EE05E119F8}.Debug|Any CPU.ActiveCfg = Debug|Any CPU
		{D0B6D1D6-15BF-4077-A0B2-11EE05E119F8}.Debug|Any CPU.Build.0 = Debug|Any CPU
		{D0B6D1D6-15BF-4077-A0B2-11EE05E119F8}.Release|Any CPU.ActiveCfg = Release|Any CPU
		{D0B6D1D6-15BF-4077-A0B2-11EE05E119F8}.Release|Any CPU.Build.0 = Release|Any CPU
	EndGlobalSection
	GlobalSection(SolutionProperties) = preSolution
		HideSolutionNode = FALSE
	EndGlobalSection
	GlobalSection(NestedProjects) = preSolution
		{6C292FC5-2B3C-4A9D-A97E-3E537D53D6B2} = {B34D8E32-C411-4280-B269-67942BE4E9BF}
		{32428541-1D17-4B58-9CFD-FD5545D83698} = {28FAF640-A8B6-403D-BC67-2378434A32CF}
		{9C97DF8E-89C3-477F-BE8E-795808856CDA} = {28FAF640-A8B6-403D-BC67-2378434A32CF}
		{A2D5D5C3-6EDD-4087-B32C-C9B329E1EA93} = {28FAF640-A8B6-403D-BC67-2378434A32CF}
		{398DB61F-35D4-4CCE-8314-5EBCFC86CD73} = {28FAF640-A8B6-403D-BC67-2378434A32CF}
		{D2C15492-9726-4E35-8E6A-BFC96ACD3952} = {28FAF640-A8B6-403D-BC67-2378434A32CF}
		{5E80B082-54C1-47D6-B197-786F7F911F4A} = {28FAF640-A8B6-403D-BC67-2378434A32CF}
		{11D0C679-41DB-4635-9D26-2A6AF1D7F8A5} = {28FAF640-A8B6-403D-BC67-2378434A32CF}
		{8AC9D089-1853-4B51-B6D1-536F51735031} = {28FAF640-A8B6-403D-BC67-2378434A32CF}
		{D35B1879-F471-4322-8594-3112EE04EDD4} = {28FAF640-A8B6-403D-BC67-2378434A32CF}
		{D0B6D1D6-15BF-4077-A0B2-11EE05E119F8} = {28FAF640-A8B6-403D-BC67-2378434A32CF}
	EndGlobalSection
	GlobalSection(ExtensibilityGlobals) = postSolution
		SolutionGuid = {6393284D-20BB-4610-9784-773A9404620A}
	EndGlobalSection
EndGlobal
