
Microsoft Visual Studio Solution File, Format Version 12.00
# Visual Studio Version 17
VisualStudioVersion = 17.4.33213.308
MinimumVisualStudioVersion = 10.0.40219.1
Project("{2150E333-8FDC-42A3-9474-1A3956D46DE8}") = "1.创建型", "1.创建型", "{B34D8E32-C411-4280-B269-67942BE4E9BF}"
EndProject
Project("{2150E333-8FDC-42A3-9474-1A3956D46DE8}") = "2.结构型", "2.结构型", "{21FD4702-6CDA-4450-98CE-8CE24429828F}"
EndProject
Project("{2150E333-8FDC-42A3-9474-1A3956D46DE8}") = "3.行为型", "3.行为型", "{A668562C-B7D1-4F65-B6F8-8B44D91C5813}"
EndProject
Project("{2150E333-8FDC-42A3-9474-1A3956D46DE8}") = "0.设计原则", "0.设计原则", "{28FAF640-A8B6-403D-BC67-2378434A32CF}"
EndProject
Project("{9A19103F-16F7-4668-BE54-9A1E7A4F7556}") = "单一职责原则", "单一职责原则\单一职责原则.csproj", "{32428541-1D17-4B58-9CFD-FD5545D83698}"
EndProject
Project("{9A19103F-16F7-4668-BE54-9A1E7A4F7556}") = "开闭原则", "开闭原则\开闭原则.csproj", "{9C97DF8E-89C3-477F-BE8E-795808856CDA}"
EndProject
Project("{9A19103F-16F7-4668-BE54-9A1E7A4F7556}") = "开闭原则_1", "开闭原则_1\开闭原则_1.csproj", "{A2D5D5C3-6EDD-4087-B32C-C9B329E1EA93}"
EndProject
Project("{9A19103F-16F7-4668-BE54-9A1E7A4F7556}") = "开闭原则_2", "开闭原则_2\开闭原则_2.csproj", "{398DB61F-35D4-4CCE-8314-5EBCFC86CD73}"
EndProject
Project("{9A19103F-16F7-4668-BE54-9A1E7A4F7556}") = "依赖倒转原则", "依赖倒转原则\依赖倒转原则.csproj", "{D2C15492-9726-4E35-8E6A-BFC96ACD3952}"
EndProject
Project("{9A19103F-16F7-4668-BE54-9A1E7A4F7556}") = "依赖注入三种方式", "依赖注入三种方式\依赖注入三种方式.csproj", "{5E80B082-54C1-47D6-B197-786F7F911F4A}"
EndProject
Project("{9A19103F-16F7-4668-BE54-9A1E7A4F7556}") = "接口隔离原则", "接口隔离原则\接口隔离原则.csproj", "{11D0C679-41DB-4635-9D26-2A6AF1D7F8A5}"
EndProject
Project("{9A19103F-16F7-4668-BE54-9A1E7A4F7556}") = "迪米特原则", "迪米特法则\迪米特原则.csproj", "{8AC9D089-1853-4B51-B6D1-536F51735031}"
EndProject
Project("{9A19103F-16F7-4668-BE54-9A1E7A4F7556}") = "迪米特原则_2", "迪米特原则_2\迪米特原则_2.csproj", "{D35B1879-F471-4322-8594-3112EE04EDD4}"
EndProject
Project("{9A19103F-16F7-4668-BE54-9A1E7A4F7556}") = "合成复用原则", "合成复用原则\合成复用原则.csproj", "{D0B6D1D6-15BF-4077-A0B2-11EE05E119F8}"
EndProject
Project("{9A19103F-16F7-4668-BE54-9A1E7A4F7556}") = "1-单例模式-饿汉式", "src\创建型\1-单例模式-饿汉式\1-单例模式-饿汉式.csproj", "{EE4FF56A-1C1B-414E-87A1-BD04DA24774A}"
EndProject
Project("{9A19103F-16F7-4668-BE54-9A1E7A4F7556}") = "2-单例模式-懒汉式", "src\创建型\2-单例模式-懒汉式\2-单例模式-懒汉式.csproj", "{A15E44C1-2DD4-4B4B-BB45-E561F6BFAE12}"
EndProject
Project("{9A19103F-16F7-4668-BE54-9A1E7A4F7556}") = "3-单例模式-静态内部类", "src\创建型\3-单例模式-静态内部类\3-单例模式-静态内部类.csproj", "{678D923A-9E49-4F0C-8F13-8C956B02FF96}"
EndProject
Project("{9A19103F-16F7-4668-BE54-9A1E7A4F7556}") = "4-简单工厂模式", "src\创建型\4-简单工厂模式\4-简单工厂模式.csproj", "{2E9BFD63-1FFA-41AD-A8D3-EAA3572A132B}"
EndProject
Project("{9A19103F-16F7-4668-BE54-9A1E7A4F7556}") = "5-工厂方法模式", "src\创建型\5-工厂方法模式\5-工厂方法模式.csproj", "{656C6491-8237-4151-87B1-99173639162D}"
EndProject
Project("{9A19103F-16F7-4668-BE54-9A1E7A4F7556}") = "6-工厂方法-反射", "src\创建型\6-工厂方法-反射\6-工厂方法-反射.csproj", "{37AFD76B-E9EA-48F9-B00E-5C5E7675D46E}"
EndProject
Project("{9A19103F-16F7-4668-BE54-9A1E7A4F7556}") = "7-抽象工厂导入", "src\创建型\7-抽象工厂模式\7-抽象工厂导入.csproj", "{69A45721-678F-4F16-8E0A-439E4E68DF29}"
EndProject
Project("{9A19103F-16F7-4668-BE54-9A1E7A4F7556}") = "8-抽象工厂模式实现", "src\创建型\8-抽象工厂模式实现\8-抽象工厂模式实现.csproj", "{2EAC2DD8-25F4-4F76-8437-668F9904D150}"
EndProject
Project("{9A19103F-16F7-4668-BE54-9A1E7A4F7556}") = "9-抽象工厂-更换数据库案例", "src\创建型\9-抽象工厂-更换数据库案例\9-抽象工厂-更换数据库案例.csproj", "{23800384-48E3-49B9-B6EC-7A71B8625517}"
EndProject
Project("{9A19103F-16F7-4668-BE54-9A1E7A4F7556}") = "10-原型模式导入", "src\创建型\10-原型模式\10-原型模式导入.csproj", "{587EDBC2-F1AA-4A21-B4EE-A4DF7455E6B3}"
EndProject
Project("{9A19103F-16F7-4668-BE54-9A1E7A4F7556}") = "11-原型模式实现", "src\创建型\11-原型模式实现\11-原型模式实现.csproj", "{E921B0B2-23CF-4417-96EA-237204BF2675}"
EndProject
Project("{9A19103F-16F7-4668-BE54-9A1E7A4F7556}") = "12-简化原型模式", "src\创建型\12-简化原型模式\12-简化原型模式.csproj", "{5EDC795A-A3EA-4F5C-A595-5158ACF94822}"
EndProject
Project("{9A19103F-16F7-4668-BE54-9A1E7A4F7556}") = "13-建造者模式导入", "src\创建型\13-建造者模式导入\13-建造者模式导入.csproj", "{AC6DC3D6-1096-46C0-AC82-2CA534B75195}"
EndProject
Project("{9A19103F-16F7-4668-BE54-9A1E7A4F7556}") = "14-建造者模式", "src\创建型\14-建造者模式\14-建造者模式.csproj", "{AB758701-8CB2-48B7-989A-64F85CE856B9}"
EndProject
Project("{FAE04EC0-301F-11D3-BF4B-00C04F79EFBC}") = "2-1适配器模式", "src\结构型\2-1适配器模式\2-1适配器模式.csproj", "{6E86595E-8CED-48D8-BC4B-A2C87A2E2D95}"
EndProject
Project("{FAE04EC0-301F-11D3-BF4B-00C04F79EFBC}") = "2-2装饰器模式", "src\结构型\2-2装饰器模式\2-2装饰器模式.csproj", "{EA742144-E489-464C-8AFC-41D9F911A2A8}"
EndProject
Global
	GlobalSection(SolutionConfigurationPlatforms) = preSolution
		Debug|Any CPU = Debug|Any CPU
		Release|Any CPU = Release|Any CPU
	EndGlobalSection
	GlobalSection(ProjectConfigurationPlatforms) = postSolution
		{32428541-1D17-4B58-9CFD-FD5545D83698}.Debug|Any CPU.ActiveCfg = Debug|Any CPU
		{32428541-1D17-4B58-9CFD-FD5545D83698}.Debug|Any CPU.Build.0 = Debug|Any CPU
		{32428541-1D17-4B58-9CFD-FD5545D83698}.Release|Any CPU.ActiveCfg = Release|Any CPU
		{32428541-1D17-4B58-9CFD-FD5545D83698}.Release|Any CPU.Build.0 = Release|Any CPU
		{9C97DF8E-89C3-477F-BE8E-795808856CDA}.Debug|Any CPU.ActiveCfg = Debug|Any CPU
		{9C97DF8E-89C3-477F-BE8E-795808856CDA}.Debug|Any CPU.Build.0 = Debug|Any CPU
		{9C97DF8E-89C3-477F-BE8E-795808856CDA}.Release|Any CPU.ActiveCfg = Release|Any CPU
		{9C97DF8E-89C3-477F-BE8E-795808856CDA}.Release|Any CPU.Build.0 = Release|Any CPU
		{A2D5D5C3-6EDD-4087-B32C-C9B329E1EA93}.Debug|Any CPU.ActiveCfg = Debug|Any CPU
		{A2D5D5C3-6EDD-4087-B32C-C9B329E1EA93}.Debug|Any CPU.Build.0 = Debug|Any CPU
		{A2D5D5C3-6EDD-4087-B32C-C9B329E1EA93}.Release|Any CPU.ActiveCfg = Release|Any CPU
		{A2D5D5C3-6EDD-4087-B32C-C9B329E1EA93}.Release|Any CPU.Build.0 = Release|Any CPU
		{398DB61F-35D4-4CCE-8314-5EBCFC86CD73}.Debug|Any CPU.ActiveCfg = Debug|Any CPU
		{398DB61F-35D4-4CCE-8314-5EBCFC86CD73}.Debug|Any CPU.Build.0 = Debug|Any CPU
		{398DB61F-35D4-4CCE-8314-5EBCFC86CD73}.Release|Any CPU.ActiveCfg = Release|Any CPU
		{398DB61F-35D4-4CCE-8314-5EBCFC86CD73}.Release|Any CPU.Build.0 = Release|Any CPU
		{D2C15492-9726-4E35-8E6A-BFC96ACD3952}.Debug|Any CPU.ActiveCfg = Debug|Any CPU
		{D2C15492-9726-4E35-8E6A-BFC96ACD3952}.Debug|Any CPU.Build.0 = Debug|Any CPU
		{D2C15492-9726-4E35-8E6A-BFC96ACD3952}.Release|Any CPU.ActiveCfg = Release|Any CPU
		{D2C15492-9726-4E35-8E6A-BFC96ACD3952}.Release|Any CPU.Build.0 = Release|Any CPU
		{5E80B082-54C1-47D6-B197-786F7F911F4A}.Debug|Any CPU.ActiveCfg = Debug|Any CPU
		{5E80B082-54C1-47D6-B197-786F7F911F4A}.Debug|Any CPU.Build.0 = Debug|Any CPU
		{5E80B082-54C1-47D6-B197-786F7F911F4A}.Release|Any CPU.ActiveCfg = Release|Any CPU
		{5E80B082-54C1-47D6-B197-786F7F911F4A}.Release|Any CPU.Build.0 = Release|Any CPU
		{11D0C679-41DB-4635-9D26-2A6AF1D7F8A5}.Debug|Any CPU.ActiveCfg = Debug|Any CPU
		{11D0C679-41DB-4635-9D26-2A6AF1D7F8A5}.Debug|Any CPU.Build.0 = Debug|Any CPU
		{11D0C679-41DB-4635-9D26-2A6AF1D7F8A5}.Release|Any CPU.ActiveCfg = Release|Any CPU
		{11D0C679-41DB-4635-9D26-2A6AF1D7F8A5}.Release|Any CPU.Build.0 = Release|Any CPU
		{8AC9D089-1853-4B51-B6D1-536F51735031}.Debug|Any CPU.ActiveCfg = Debug|Any CPU
		{8AC9D089-1853-4B51-B6D1-536F51735031}.Debug|Any CPU.Build.0 = Debug|Any CPU
		{8AC9D089-1853-4B51-B6D1-536F51735031}.Release|Any CPU.ActiveCfg = Release|Any CPU
		{8AC9D089-1853-4B51-B6D1-536F51735031}.Release|Any CPU.Build.0 = Release|Any CPU
		{D35B1879-F471-4322-8594-3112EE04EDD4}.Debug|Any CPU.ActiveCfg = Debug|Any CPU
		{D35B1879-F471-4322-8594-3112EE04EDD4}.Debug|Any CPU.Build.0 = Debug|Any CPU
		{D35B1879-F471-4322-8594-3112EE04EDD4}.Release|Any CPU.ActiveCfg = Release|Any CPU
		{D35B1879-F471-4322-8594-3112EE04EDD4}.Release|Any CPU.Build.0 = Release|Any CPU
		{D0B6D1D6-15BF-4077-A0B2-11EE05E119F8}.Debug|Any CPU.ActiveCfg = Debug|Any CPU
		{D0B6D1D6-15BF-4077-A0B2-11EE05E119F8}.Debug|Any CPU.Build.0 = Debug|Any CPU
		{D0B6D1D6-15BF-4077-A0B2-11EE05E119F8}.Release|Any CPU.ActiveCfg = Release|Any CPU
		{D0B6D1D6-15BF-4077-A0B2-11EE05E119F8}.Release|Any CPU.Build.0 = Release|Any CPU
		{EE4FF56A-1C1B-414E-87A1-BD04DA24774A}.Debug|Any CPU.ActiveCfg = Debug|Any CPU
		{EE4FF56A-1C1B-414E-87A1-BD04DA24774A}.Debug|Any CPU.Build.0 = Debug|Any CPU
		{EE4FF56A-1C1B-414E-87A1-BD04DA24774A}.Release|Any CPU.ActiveCfg = Release|Any CPU
		{EE4FF56A-1C1B-414E-87A1-BD04DA24774A}.Release|Any CPU.Build.0 = Release|Any CPU
		{A15E44C1-2DD4-4B4B-BB45-E561F6BFAE12}.Debug|Any CPU.ActiveCfg = Debug|Any CPU
		{A15E44C1-2DD4-4B4B-BB45-E561F6BFAE12}.Debug|Any CPU.Build.0 = Debug|Any CPU
		{A15E44C1-2DD4-4B4B-BB45-E561F6BFAE12}.Release|Any CPU.ActiveCfg = Release|Any CPU
		{A15E44C1-2DD4-4B4B-BB45-E561F6BFAE12}.Release|Any CPU.Build.0 = Release|Any CPU
		{678D923A-9E49-4F0C-8F13-8C956B02FF96}.Debug|Any CPU.ActiveCfg = Debug|Any CPU
		{678D923A-9E49-4F0C-8F13-8C956B02FF96}.Debug|Any CPU.Build.0 = Debug|Any CPU
		{678D923A-9E49-4F0C-8F13-8C956B02FF96}.Release|Any CPU.ActiveCfg = Release|Any CPU
		{678D923A-9E49-4F0C-8F13-8C956B02FF96}.Release|Any CPU.Build.0 = Release|Any CPU
		{2E9BFD63-1FFA-41AD-A8D3-EAA3572A132B}.Debug|Any CPU.ActiveCfg = Debug|Any CPU
		{2E9BFD63-1FFA-41AD-A8D3-EAA3572A132B}.Debug|Any CPU.Build.0 = Debug|Any CPU
		{2E9BFD63-1FFA-41AD-A8D3-EAA3572A132B}.Release|Any CPU.ActiveCfg = Release|Any CPU
		{2E9BFD63-1FFA-41AD-A8D3-EAA3572A132B}.Release|Any CPU.Build.0 = Release|Any CPU
		{656C6491-8237-4151-87B1-99173639162D}.Debug|Any CPU.ActiveCfg = Debug|Any CPU
		{656C6491-8237-4151-87B1-99173639162D}.Debug|Any CPU.Build.0 = Debug|Any CPU
		{656C6491-8237-4151-87B1-99173639162D}.Release|Any CPU.ActiveCfg = Release|Any CPU
		{656C6491-8237-4151-87B1-99173639162D}.Release|Any CPU.Build.0 = Release|Any CPU
		{37AFD76B-E9EA-48F9-B00E-5C5E7675D46E}.Debug|Any CPU.ActiveCfg = Debug|Any CPU
		{37AFD76B-E9EA-48F9-B00E-5C5E7675D46E}.Debug|Any CPU.Build.0 = Debug|Any CPU
		{37AFD76B-E9EA-48F9-B00E-5C5E7675D46E}.Release|Any CPU.ActiveCfg = Release|Any CPU
		{37AFD76B-E9EA-48F9-B00E-5C5E7675D46E}.Release|Any CPU.Build.0 = Release|Any CPU
		{69A45721-678F-4F16-8E0A-439E4E68DF29}.Debug|Any CPU.ActiveCfg = Debug|Any CPU
		{69A45721-678F-4F16-8E0A-439E4E68DF29}.Debug|Any CPU.Build.0 = Debug|Any CPU
		{69A45721-678F-4F16-8E0A-439E4E68DF29}.Release|Any CPU.ActiveCfg = Release|Any CPU
		{69A45721-678F-4F16-8E0A-439E4E68DF29}.Release|Any CPU.Build.0 = Release|Any CPU
		{2EAC2DD8-25F4-4F76-8437-668F9904D150}.Debug|Any CPU.ActiveCfg = Debug|Any CPU
		{2EAC2DD8-25F4-4F76-8437-668F9904D150}.Debug|Any CPU.Build.0 = Debug|Any CPU
		{2EAC2DD8-25F4-4F76-8437-668F9904D150}.Release|Any CPU.ActiveCfg = Release|Any CPU
		{2EAC2DD8-25F4-4F76-8437-668F9904D150}.Release|Any CPU.Build.0 = Release|Any CPU
		{23800384-48E3-49B9-B6EC-7A71B8625517}.Debug|Any CPU.ActiveCfg = Debug|Any CPU
		{23800384-48E3-49B9-B6EC-7A71B8625517}.Debug|Any CPU.Build.0 = Debug|Any CPU
		{23800384-48E3-49B9-B6EC-7A71B8625517}.Release|Any CPU.ActiveCfg = Release|Any CPU
		{23800384-48E3-49B9-B6EC-7A71B8625517}.Release|Any CPU.Build.0 = Release|Any CPU
		{587EDBC2-F1AA-4A21-B4EE-A4DF7455E6B3}.Debug|Any CPU.ActiveCfg = Debug|Any CPU
		{587EDBC2-F1AA-4A21-B4EE-A4DF7455E6B3}.Debug|Any CPU.Build.0 = Debug|Any CPU
		{587EDBC2-F1AA-4A21-B4EE-A4DF7455E6B3}.Release|Any CPU.ActiveCfg = Release|Any CPU
		{587EDBC2-F1AA-4A21-B4EE-A4DF7455E6B3}.Release|Any CPU.Build.0 = Release|Any CPU
		{E921B0B2-23CF-4417-96EA-237204BF2675}.Debug|Any CPU.ActiveCfg = Debug|Any CPU
		{E921B0B2-23CF-4417-96EA-237204BF2675}.Debug|Any CPU.Build.0 = Debug|Any CPU
		{E921B0B2-23CF-4417-96EA-237204BF2675}.Release|Any CPU.ActiveCfg = Release|Any CPU
		{E921B0B2-23CF-4417-96EA-237204BF2675}.Release|Any CPU.Build.0 = Release|Any CPU
		{5EDC795A-A3EA-4F5C-A595-5158ACF94822}.Debug|Any CPU.ActiveCfg = Debug|Any CPU
		{5EDC795A-A3EA-4F5C-A595-5158ACF94822}.Debug|Any CPU.Build.0 = Debug|Any CPU
		{5EDC795A-A3EA-4F5C-A595-5158ACF94822}.Release|Any CPU.ActiveCfg = Release|Any CPU
		{5EDC795A-A3EA-4F5C-A595-5158ACF94822}.Release|Any CPU.Build.0 = Release|Any CPU
		{AC6DC3D6-1096-46C0-AC82-2CA534B75195}.Debug|Any CPU.ActiveCfg = Debug|Any CPU
		{AC6DC3D6-1096-46C0-AC82-2CA534B75195}.Debug|Any CPU.Build.0 = Debug|Any CPU
		{AC6DC3D6-1096-46C0-AC82-2CA534B75195}.Release|Any CPU.ActiveCfg = Release|Any CPU
		{AC6DC3D6-1096-46C0-AC82-2CA534B75195}.Release|Any CPU.Build.0 = Release|Any CPU
		{AB758701-8CB2-48B7-989A-64F85CE856B9}.Debug|Any CPU.ActiveCfg = Debug|Any CPU
		{AB758701-8CB2-48B7-989A-64F85CE856B9}.Debug|Any CPU.Build.0 = Debug|Any CPU
		{AB758701-8CB2-48B7-989A-64F85CE856B9}.Release|Any CPU.ActiveCfg = Release|Any CPU
		{AB758701-8CB2-48B7-989A-64F85CE856B9}.Release|Any CPU.Build.0 = Release|Any CPU
		{6E86595E-8CED-48D8-BC4B-A2C87A2E2D95}.Debug|Any CPU.ActiveCfg = Debug|Any CPU
		{6E86595E-8CED-48D8-BC4B-A2C87A2E2D95}.Debug|Any CPU.Build.0 = Debug|Any CPU
		{6E86595E-8CED-48D8-BC4B-A2C87A2E2D95}.Release|Any CPU.ActiveCfg = Release|Any CPU
		{6E86595E-8CED-48D8-BC4B-A2C87A2E2D95}.Release|Any CPU.Build.0 = Release|Any CPU
		{EA742144-E489-464C-8AFC-41D9F911A2A8}.Debug|Any CPU.ActiveCfg = Debug|Any CPU
		{EA742144-E489-464C-8AFC-41D9F911A2A8}.Debug|Any CPU.Build.0 = Debug|Any CPU
		{EA742144-E489-464C-8AFC-41D9F911A2A8}.Release|Any CPU.ActiveCfg = Release|Any CPU
		{EA742144-E489-464C-8AFC-41D9F911A2A8}.Release|Any CPU.Build.0 = Release|Any CPU
	EndGlobalSection
	GlobalSection(SolutionProperties) = preSolution
		HideSolutionNode = FALSE
	EndGlobalSection
	GlobalSection(NestedProjects) = preSolution
		{32428541-1D17-4B58-9CFD-FD5545D83698} = {28FAF640-A8B6-403D-BC67-2378434A32CF}
		{9C97DF8E-89C3-477F-BE8E-795808856CDA} = {28FAF640-A8B6-403D-BC67-2378434A32CF}
		{A2D5D5C3-6EDD-4087-B32C-C9B329E1EA93} = {28FAF640-A8B6-403D-BC67-2378434A32CF}
		{398DB61F-35D4-4CCE-8314-5EBCFC86CD73} = {28FAF640-A8B6-403D-BC67-2378434A32CF}
		{D2C15492-9726-4E35-8E6A-BFC96ACD3952} = {28FAF640-A8B6-403D-BC67-2378434A32CF}
		{5E80B082-54C1-47D6-B197-786F7F911F4A} = {28FAF640-A8B6-403D-BC67-2378434A32CF}
		{11D0C679-41DB-4635-9D26-2A6AF1D7F8A5} = {28FAF640-A8B6-403D-BC67-2378434A32CF}
		{8AC9D089-1853-4B51-B6D1-536F51735031} = {28FAF640-A8B6-403D-BC67-2378434A32CF}
		{D35B1879-F471-4322-8594-3112EE04EDD4} = {28FAF640-A8B6-403D-BC67-2378434A32CF}
		{D0B6D1D6-15BF-4077-A0B2-11EE05E119F8} = {28FAF640-A8B6-403D-BC67-2378434A32CF}
		{EE4FF56A-1C1B-414E-87A1-BD04DA24774A} = {B34D8E32-C411-4280-B269-67942BE4E9BF}
		{A15E44C1-2DD4-4B4B-BB45-E561F6BFAE12} = {B34D8E32-C411-4280-B269-67942BE4E9BF}
		{678D923A-9E49-4F0C-8F13-8C956B02FF96} = {B34D8E32-C411-4280-B269-67942BE4E9BF}
		{2E9BFD63-1FFA-41AD-A8D3-EAA3572A132B} = {B34D8E32-C411-4280-B269-67942BE4E9BF}
		{656C6491-8237-4151-87B1-99173639162D} = {B34D8E32-C411-4280-B269-67942BE4E9BF}
		{37AFD76B-E9EA-48F9-B00E-5C5E7675D46E} = {B34D8E32-C411-4280-B269-67942BE4E9BF}
		{69A45721-678F-4F16-8E0A-439E4E68DF29} = {B34D8E32-C411-4280-B269-67942BE4E9BF}
		{2EAC2DD8-25F4-4F76-8437-668F9904D150} = {B34D8E32-C411-4280-B269-67942BE4E9BF}
		{23800384-48E3-49B9-B6EC-7A71B8625517} = {B34D8E32-C411-4280-B269-67942BE4E9BF}
		{587EDBC2-F1AA-4A21-B4EE-A4DF7455E6B3} = {B34D8E32-C411-4280-B269-67942BE4E9BF}
		{E921B0B2-23CF-4417-96EA-237204BF2675} = {B34D8E32-C411-4280-B269-67942BE4E9BF}
		{5EDC795A-A3EA-4F5C-A595-5158ACF94822} = {B34D8E32-C411-4280-B269-67942BE4E9BF}
		{AC6DC3D6-1096-46C0-AC82-2CA534B75195} = {B34D8E32-C411-4280-B269-67942BE4E9BF}
		{AB758701-8CB2-48B7-989A-64F85CE856B9} = {B34D8E32-C411-4280-B269-67942BE4E9BF}
		{6E86595E-8CED-48D8-BC4B-A2C87A2E2D95} = {21FD4702-6CDA-4450-98CE-8CE24429828F}
		{EA742144-E489-464C-8AFC-41D9F911A2A8} = {21FD4702-6CDA-4450-98CE-8CE24429828F}
	EndGlobalSection
	GlobalSection(ExtensibilityGlobals) = postSolution
		SolutionGuid = {6393284D-20BB-4610-9784-773A9404620A}
	EndGlobalSection
EndGlobal
